PODS:
  - LaunchGate (0.1.0)
  - Nimble (3.0.0)
  - Quick (0.8.0)

DEPENDENCIES:
  - LaunchGate (from `../`)
  - Nimble (= 3.0.0)
  - Quick (~> 0.8.0)

EXTERNAL SOURCES:
  LaunchGate:
    :path: "../"

SPEC CHECKSUMS:
  LaunchGate: 49a8df7a656a9bd3ee2a4ff772b4fcd798f13a51
  Nimble: 4c353d43735b38b545cbb4cb91504588eb5de926
  Quick: 563d0f6ec5f72e394645adb377708639b7dd38ab

COCOAPODS: 0.38.2
