PODS:
  - Nimble (9.2.0)
  - Quick (4.0.0)
  - SwiftLint (0.43.1)

DEPENDENCIES:
  - Nimble
  - Quick
  - SwiftLint

SPEC REPOS:
  trunk:
    - Nimble
    - Quick
    - SwiftLint

SPEC CHECKSUMS:
  Nimble: 4f4a345c80b503b3ea13606a4f98405974ee4d0b
  Quick: 6473349e43b9271a8d43839d9ba1c442ed1b7ac4
  SwiftLint: 99f82d07b837b942dd563c668de129a03fc3fb52

PODFILE CHECKSUM: 6493f06e6fe41c0c977e06d44357670ec2485530

COCOAPODS: 1.9.1
