PODS:
  - Nimble (8.0.5)
  - Quick (2.2.0)
  - SwiftLint (0.39.1)

DEPENDENCIES:
  - Nimble
  - Quick
  - SwiftLint

SPEC REPOS:
  trunk:
    - Nimble
    - Quick
    - SwiftLint

SPEC CHECKSUMS:
  Nimble: 4ab1aeb9b45553c75b9687196b0fa0713170a332
  Quick: 7fb19e13be07b5dfb3b90d4f9824c855a11af40e
  SwiftLint: 55e96a4a4d537d4a3156859fc1c54bd24851a046

PODFILE CHECKSUM: 6493f06e6fe41c0c977e06d44357670ec2485530

COCOAPODS: 1.9.1
