PODS:
  - Nimble (7.1.2)
  - Quick (1.3.0)

DEPENDENCIES:
  - Nimble
  - Quick

SPEC REPOS:
  https://github.com/CocoaPods/Specs.git:
    - Nimble
    - Quick

SPEC CHECKSUMS:
  Nimble: 3835ba9f459daa6b347f8a8e110aaae8ca1920a8
  Quick: 03278013f71aa05fe9ecabc94fbcc6835f1ee76f

PODFILE CHECKSUM: 2b6433dc4068c9d4efb7950f17ad563ef134375d

COCOAPODS: 1.5.0
