// !$*UTF8*$!
{
	archiveVersion = 1;
	classes = {
	};
	objectVersion = 46;
	objects = {

/* Begin PBXBuildFile section */
		7275123AB954D288769E990A /* Pods_LaunchGate.framework in Frameworks */ = {isa = PBXBuildFile; fileRef = DBE8225ED27D646C8CFB8C5E /* Pods_LaunchGate.framework */; };
		C5478DD31C6968C800843BA3 /* AlertConfiguration.swift in Sources */ = {isa = PBXBuildFile; fileRef = C5478DC81C6968C800843BA3 /* AlertConfiguration.swift */; };
		C5478DD41C6968C800843BA3 /* DialogManager.swift in Sources */ = {isa = PBXBuildFile; fileRef = C5478DC91C6968C800843BA3 /* DialogManager.swift */; };
		C5478DD51C6968C800843BA3 /* LaunchGate.swift in Sources */ = {isa = PBXBuildFile; fileRef = C5478DCA1C6968C800843BA3 /* LaunchGate.swift */; };
		C5478DD61C6968C800843BA3 /* LaunchGateConfiguration.swift in Sources */ = {isa = PBXBuildFile; fileRef = C5478DCB1C6968C800843BA3 /* LaunchGateConfiguration.swift */; };
		C5478DD71C6968C800843BA3 /* DefaultParser.swift in Sources */ = {isa = PBXBuildFile; fileRef = C5478DCC1C6968C800843BA3 /* DefaultParser.swift */; };
		C5478DD81C6968C800843BA3 /* LaunchGateParser.swift in Sources */ = {isa = PBXBuildFile; fileRef = C5478DCD1C6968C800843BA3 /* LaunchGateParser.swift */; };
		C5478DD91C6968C800843BA3 /* RemoteFileManager.swift in Sources */ = {isa = PBXBuildFile; fileRef = C5478DCE1C6968C800843BA3 /* RemoteFileManager.swift */; };
		C5478DDA1C6968C800843BA3 /* Rememberable.swift in Sources */ = {isa = PBXBuildFile; fileRef = C5478DCF1C6968C800843BA3 /* Rememberable.swift */; };
		C5478DDB1C6968C800843BA3 /* UpdateConfiguration.swift in Sources */ = {isa = PBXBuildFile; fileRef = C5478DD01C6968C800843BA3 /* UpdateConfiguration.swift */; };
		C5478DDD1C6968C800843BA3 /* LaunchGate.h in Headers */ = {isa = PBXBuildFile; fileRef = C5478DD21C6968C800843BA3 /* LaunchGate.h */; settings = {ATTRIBUTES = (Public, ); }; };
		C5478DEA1C6968DF00843BA3 /* DefaultParserSpec.swift in Sources */ = {isa = PBXBuildFile; fileRef = C5478DDE1C6968D900843BA3 /* DefaultParserSpec.swift */; };
		C5478DEB1C6968DF00843BA3 /* RemoteFileManagerSpec.swift in Sources */ = {isa = PBXBuildFile; fileRef = C5478DDF1C6968D900843BA3 /* RemoteFileManagerSpec.swift */; };
		C5478DEC1C6968DF00843BA3 /* LaunchGateSpec.swift in Sources */ = {isa = PBXBuildFile; fileRef = C5478DE01C6968D900843BA3 /* LaunchGateSpec.swift */; };
		C5478DED1C6968DF00843BA3 /* SpecHelper.swift in Sources */ = {isa = PBXBuildFile; fileRef = C5478DE11C6968D900843BA3 /* SpecHelper.swift */; };
		C5478DEE1C6968DF00843BA3 /* ConfigurationSpec.swift in Sources */ = {isa = PBXBuildFile; fileRef = C5478DE21C6968D900843BA3 /* ConfigurationSpec.swift */; };
		C54CD9661C6BBAF50049E669 /* Memory.swift in Sources */ = {isa = PBXBuildFile; fileRef = C54CD9651C6BBAF50049E669 /* Memory.swift */; };
		C5A110021C73D6D500ACA109 /* config-alert.json in Resources */ = {isa = PBXBuildFile; fileRef = C54758521C73D692000A6EFA /* config-alert.json */; };
		C5A110031C73D6D900ACA109 /* config-required.json in Resources */ = {isa = PBXBuildFile; fileRef = C547584E1C73CC17000A6EFA /* config-required.json */; };
		C5A110041C73D6DC00ACA109 /* config-optional.json in Resources */ = {isa = PBXBuildFile; fileRef = C547584C1C73CBF8000A6EFA /* config-optional.json */; };
		C5A8787A1C6A74DD004599C2 /* config-malformed-alert.json in Resources */ = {isa = PBXBuildFile; fileRef = C5A8786E1C6A74B9004599C2 /* config-malformed-alert.json */; };
		C5A8787B1C6A74DD004599C2 /* config-malformed-empty.json in Resources */ = {isa = PBXBuildFile; fileRef = C5A8786F1C6A74B9004599C2 /* config-malformed-empty.json */; };
		C5A8787C1C6A74DD004599C2 /* config-malformed-ios.json in Resources */ = {isa = PBXBuildFile; fileRef = C5A878701C6A74B9004599C2 /* config-malformed-ios.json */; };
		C5A8787D1C6A74DD004599C2 /* config-malformed-optional.json in Resources */ = {isa = PBXBuildFile; fileRef = C5A878711C6A74B9004599C2 /* config-malformed-optional.json */; };
		C5A8787E1C6A74DD004599C2 /* config-malformed-required.json in Resources */ = {isa = PBXBuildFile; fileRef = C5A878721C6A74B9004599C2 /* config-malformed-required.json */; };
		C5A8787F1C6A74DD004599C2 /* config.json in Resources */ = {isa = PBXBuildFile; fileRef = C5A878731C6A74B9004599C2 /* config.json */; };
		C5ACC55D1C75240F009AE9F0 /* MemorySpec.swift in Sources */ = {isa = PBXBuildFile; fileRef = C5ACC55C1C75240F009AE9F0 /* MemorySpec.swift */; };
		C5ACF5341C74EF72009C1729 /* DialogManagerSpec.swift in Sources */ = {isa = PBXBuildFile; fileRef = C5ACF5331C74EF72009C1729 /* DialogManagerSpec.swift */; };
		C5C04BD11C696767007397D0 /* LaunchGate.framework in Frameworks */ = {isa = PBXBuildFile; fileRef = C5C04BC61C696767007397D0 /* LaunchGate.framework */; };
		F6C28645C1C15B9F3641C34B /* Pods_LaunchGateTests.framework in Frameworks */ = {isa = PBXBuildFile; fileRef = 09553AF46AB4FDB398881D98 /* Pods_LaunchGateTests.framework */; };
/* End PBXBuildFile section */

/* Begin PBXContainerItemProxy section */
		C5C04BD21C696767007397D0 /* PBXContainerItemProxy */ = {
			isa = PBXContainerItemProxy;
			containerPortal = C5C04BBD1C696767007397D0 /* Project object */;
			proxyType = 1;
			remoteGlobalIDString = C5C04BC51C696767007397D0;
			remoteInfo = LaunchGate;
		};
/* End PBXContainerItemProxy section */

/* Begin PBXFileReference section */
		09553AF46AB4FDB398881D98 /* Pods_LaunchGateTests.framework */ = {isa = PBXFileReference; explicitFileType = wrapper.framework; includeInIndex = 0; path = Pods_LaunchGateTests.framework; sourceTree = BUILT_PRODUCTS_DIR; };
		293D3BC7DDE54B109DD218FD /* Pods-LaunchGate.debug.xcconfig */ = {isa = PBXFileReference; includeInIndex = 1; lastKnownFileType = text.xcconfig; name = "Pods-LaunchGate.debug.xcconfig"; path = "Pods/Target Support Files/Pods-LaunchGate/Pods-LaunchGate.debug.xcconfig"; sourceTree = "<group>"; };
		5AB7C55DD8BF85EC8936F7D7 /* Pods-LaunchGateTests.release.xcconfig */ = {isa = PBXFileReference; includeInIndex = 1; lastKnownFileType = text.xcconfig; name = "Pods-LaunchGateTests.release.xcconfig"; path = "Pods/Target Support Files/Pods-LaunchGateTests/Pods-LaunchGateTests.release.xcconfig"; sourceTree = "<group>"; };
		9EE87D27A2BAEF9BC5A90AF1 /* Pods-LaunchGateTests.debug.xcconfig */ = {isa = PBXFileReference; includeInIndex = 1; lastKnownFileType = text.xcconfig; name = "Pods-LaunchGateTests.debug.xcconfig"; path = "Pods/Target Support Files/Pods-LaunchGateTests/Pods-LaunchGateTests.debug.xcconfig"; sourceTree = "<group>"; };
		A881ED02961A5E6352EEBF2E /* Pods-LaunchGate.release.xcconfig */ = {isa = PBXFileReference; includeInIndex = 1; lastKnownFileType = text.xcconfig; name = "Pods-LaunchGate.release.xcconfig"; path = "Pods/Target Support Files/Pods-LaunchGate/Pods-LaunchGate.release.xcconfig"; sourceTree = "<group>"; };
		C547584C1C73CBF8000A6EFA /* config-optional.json */ = {isa = PBXFileReference; fileEncoding = 4; lastKnownFileType = text.json; path = "config-optional.json"; sourceTree = "<group>"; };
		C547584E1C73CC17000A6EFA /* config-required.json */ = {isa = PBXFileReference; fileEncoding = 4; lastKnownFileType = text.json; path = "config-required.json"; sourceTree = "<group>"; };
		C54758521C73D692000A6EFA /* config-alert.json */ = {isa = PBXFileReference; fileEncoding = 4; lastKnownFileType = text.json; path = "config-alert.json"; sourceTree = "<group>"; };
		C5478DC81C6968C800843BA3 /* AlertConfiguration.swift */ = {isa = PBXFileReference; fileEncoding = 4; lastKnownFileType = sourcecode.swift; name = AlertConfiguration.swift; path = Source/AlertConfiguration.swift; sourceTree = SOURCE_ROOT; };
		C5478DC91C6968C800843BA3 /* DialogManager.swift */ = {isa = PBXFileReference; fileEncoding = 4; lastKnownFileType = sourcecode.swift; name = DialogManager.swift; path = Source/DialogManager.swift; sourceTree = SOURCE_ROOT; };
		C5478DCA1C6968C800843BA3 /* LaunchGate.swift */ = {isa = PBXFileReference; fileEncoding = 4; lastKnownFileType = sourcecode.swift; name = LaunchGate.swift; path = Source/LaunchGate.swift; sourceTree = SOURCE_ROOT; };
		C5478DCB1C6968C800843BA3 /* LaunchGateConfiguration.swift */ = {isa = PBXFileReference; fileEncoding = 4; lastKnownFileType = sourcecode.swift; name = LaunchGateConfiguration.swift; path = Source/LaunchGateConfiguration.swift; sourceTree = SOURCE_ROOT; };
		C5478DCC1C6968C800843BA3 /* DefaultParser.swift */ = {isa = PBXFileReference; fileEncoding = 4; lastKnownFileType = sourcecode.swift; name = DefaultParser.swift; path = Source/DefaultParser.swift; sourceTree = SOURCE_ROOT; };
		C5478DCD1C6968C800843BA3 /* LaunchGateParser.swift */ = {isa = PBXFileReference; fileEncoding = 4; lastKnownFileType = sourcecode.swift; name = LaunchGateParser.swift; path = Source/LaunchGateParser.swift; sourceTree = SOURCE_ROOT; };
		C5478DCE1C6968C800843BA3 /* RemoteFileManager.swift */ = {isa = PBXFileReference; fileEncoding = 4; lastKnownFileType = sourcecode.swift; name = RemoteFileManager.swift; path = Source/RemoteFileManager.swift; sourceTree = SOURCE_ROOT; };
		C5478DCF1C6968C800843BA3 /* Rememberable.swift */ = {isa = PBXFileReference; fileEncoding = 4; lastKnownFileType = sourcecode.swift; name = Rememberable.swift; path = Source/Rememberable.swift; sourceTree = SOURCE_ROOT; };
		C5478DD01C6968C800843BA3 /* UpdateConfiguration.swift */ = {isa = PBXFileReference; fileEncoding = 4; lastKnownFileType = sourcecode.swift; name = UpdateConfiguration.swift; path = Source/UpdateConfiguration.swift; sourceTree = SOURCE_ROOT; };
		C5478DD11C6968C800843BA3 /* Info.plist */ = {isa = PBXFileReference; fileEncoding = 4; lastKnownFileType = text.plist.xml; name = Info.plist; path = Source/Info.plist; sourceTree = SOURCE_ROOT; };
		C5478DD21C6968C800843BA3 /* LaunchGate.h */ = {isa = PBXFileReference; fileEncoding = 4; lastKnownFileType = sourcecode.c.h; name = LaunchGate.h; path = Source/LaunchGate.h; sourceTree = SOURCE_ROOT; };
		C5478DDE1C6968D900843BA3 /* DefaultParserSpec.swift */ = {isa = PBXFileReference; fileEncoding = 4; lastKnownFileType = sourcecode.swift; name = DefaultParserSpec.swift; path = Tests/DefaultParserSpec.swift; sourceTree = SOURCE_ROOT; };
		C5478DDF1C6968D900843BA3 /* RemoteFileManagerSpec.swift */ = {isa = PBXFileReference; fileEncoding = 4; lastKnownFileType = sourcecode.swift; name = RemoteFileManagerSpec.swift; path = Tests/RemoteFileManagerSpec.swift; sourceTree = SOURCE_ROOT; };
		C5478DE01C6968D900843BA3 /* LaunchGateSpec.swift */ = {isa = PBXFileReference; fileEncoding = 4; lastKnownFileType = sourcecode.swift; name = LaunchGateSpec.swift; path = Tests/LaunchGateSpec.swift; sourceTree = SOURCE_ROOT; };
		C5478DE11C6968D900843BA3 /* SpecHelper.swift */ = {isa = PBXFileReference; fileEncoding = 4; lastKnownFileType = sourcecode.swift; name = SpecHelper.swift; path = Tests/SpecHelper.swift; sourceTree = SOURCE_ROOT; };
		C5478DE21C6968D900843BA3 /* ConfigurationSpec.swift */ = {isa = PBXFileReference; fileEncoding = 4; lastKnownFileType = sourcecode.swift; name = ConfigurationSpec.swift; path = Tests/ConfigurationSpec.swift; sourceTree = SOURCE_ROOT; };
		C5478DE31C6968D900843BA3 /* Info.plist */ = {isa = PBXFileReference; fileEncoding = 4; lastKnownFileType = text.plist.xml; name = Info.plist; path = Tests/Info.plist; sourceTree = SOURCE_ROOT; };
		C54CD9651C6BBAF50049E669 /* Memory.swift */ = {isa = PBXFileReference; fileEncoding = 4; lastKnownFileType = sourcecode.swift; name = Memory.swift; path = Source/Memory.swift; sourceTree = SOURCE_ROOT; };
		C5A8786E1C6A74B9004599C2 /* config-malformed-alert.json */ = {isa = PBXFileReference; fileEncoding = 4; lastKnownFileType = text.json; path = "config-malformed-alert.json"; sourceTree = "<group>"; };
		C5A8786F1C6A74B9004599C2 /* config-malformed-empty.json */ = {isa = PBXFileReference; fileEncoding = 4; lastKnownFileType = text.json; path = "config-malformed-empty.json"; sourceTree = "<group>"; };
		C5A878701C6A74B9004599C2 /* config-malformed-ios.json */ = {isa = PBXFileReference; fileEncoding = 4; lastKnownFileType = text.json; path = "config-malformed-ios.json"; sourceTree = "<group>"; };
		C5A878711C6A74B9004599C2 /* config-malformed-optional.json */ = {isa = PBXFileReference; fileEncoding = 4; lastKnownFileType = text.json; path = "config-malformed-optional.json"; sourceTree = "<group>"; };
		C5A878721C6A74B9004599C2 /* config-malformed-required.json */ = {isa = PBXFileReference; fileEncoding = 4; lastKnownFileType = text.json; path = "config-malformed-required.json"; sourceTree = "<group>"; };
		C5A878731C6A74B9004599C2 /* config.json */ = {isa = PBXFileReference; fileEncoding = 4; lastKnownFileType = text.json; path = config.json; sourceTree = "<group>"; };
		C5ACC55C1C75240F009AE9F0 /* MemorySpec.swift */ = {isa = PBXFileReference; fileEncoding = 4; lastKnownFileType = sourcecode.swift; name = MemorySpec.swift; path = Tests/MemorySpec.swift; sourceTree = SOURCE_ROOT; };
		C5ACF5331C74EF72009C1729 /* DialogManagerSpec.swift */ = {isa = PBXFileReference; fileEncoding = 4; lastKnownFileType = sourcecode.swift; name = DialogManagerSpec.swift; path = Tests/DialogManagerSpec.swift; sourceTree = SOURCE_ROOT; };
		C5C04BC61C696767007397D0 /* LaunchGate.framework */ = {isa = PBXFileReference; explicitFileType = wrapper.framework; includeInIndex = 0; path = LaunchGate.framework; sourceTree = BUILT_PRODUCTS_DIR; };
		C5C04BD01C696767007397D0 /* LaunchGateTests.xctest */ = {isa = PBXFileReference; explicitFileType = wrapper.cfbundle; includeInIndex = 0; path = LaunchGateTests.xctest; sourceTree = BUILT_PRODUCTS_DIR; };
		DBE8225ED27D646C8CFB8C5E /* Pods_LaunchGate.framework */ = {isa = PBXFileReference; explicitFileType = wrapper.framework; includeInIndex = 0; path = Pods_LaunchGate.framework; sourceTree = BUILT_PRODUCTS_DIR; };
/* End PBXFileReference section */

/* Begin PBXFrameworksBuildPhase section */
		C5C04BC21C696767007397D0 /* Frameworks */ = {
			isa = PBXFrameworksBuildPhase;
			buildActionMask = 2147483647;
			files = (
				7275123AB954D288769E990A /* Pods_LaunchGate.framework in Frameworks */,
			);
			runOnlyForDeploymentPostprocessing = 0;
		};
		C5C04BCD1C696767007397D0 /* Frameworks */ = {
			isa = PBXFrameworksBuildPhase;
			buildActionMask = 2147483647;
			files = (
				C5C04BD11C696767007397D0 /* LaunchGate.framework in Frameworks */,
				F6C28645C1C15B9F3641C34B /* Pods_LaunchGateTests.framework in Frameworks */,
			);
			runOnlyForDeploymentPostprocessing = 0;
		};
/* End PBXFrameworksBuildPhase section */

/* Begin PBXGroup section */
		39450C4F88D2BC32572653A7 /* Pods */ = {
			isa = PBXGroup;
			children = (
				9EE87D27A2BAEF9BC5A90AF1 /* Pods-LaunchGateTests.debug.xcconfig */,
				5AB7C55DD8BF85EC8936F7D7 /* Pods-LaunchGateTests.release.xcconfig */,
				293D3BC7DDE54B109DD218FD /* Pods-LaunchGate.debug.xcconfig */,
				A881ED02961A5E6352EEBF2E /* Pods-LaunchGate.release.xcconfig */,
			);
			name = Pods;
			sourceTree = "<group>";
		};
		6AFB87098F7DCE3A54F40A49 /* Frameworks */ = {
			isa = PBXGroup;
			children = (
				09553AF46AB4FDB398881D98 /* Pods_LaunchGateTests.framework */,
				DBE8225ED27D646C8CFB8C5E /* Pods_LaunchGate.framework */,
			);
			name = Frameworks;
			sourceTree = "<group>";
		};
		C5A8786D1C6A74B9004599C2 /* Fixtures */ = {
			isa = PBXGroup;
			children = (
				C5A8786E1C6A74B9004599C2 /* config-malformed-alert.json */,
				C5A8786F1C6A74B9004599C2 /* config-malformed-empty.json */,
				C5A878701C6A74B9004599C2 /* config-malformed-ios.json */,
				C5A878711C6A74B9004599C2 /* config-malformed-optional.json */,
				C5A878721C6A74B9004599C2 /* config-malformed-required.json */,
				C547584C1C73CBF8000A6EFA /* config-optional.json */,
				C547584E1C73CC17000A6EFA /* config-required.json */,
				C5A878731C6A74B9004599C2 /* config.json */,
				C54758521C73D692000A6EFA /* config-alert.json */,
			);
			name = Fixtures;
			path = Tests/Fixtures;
			sourceTree = SOURCE_ROOT;
		};
		C5A878AA1C6A7E36004599C2 /* Supporting Files */ = {
			isa = PBXGroup;
			children = (
				C5478DD21C6968C800843BA3 /* LaunchGate.h */,
				C5478DD11C6968C800843BA3 /* Info.plist */,
			);
			name = "Supporting Files";
			sourceTree = "<group>";
		};
		C5A878AB1C6A7E3F004599C2 /* Supporting Files */ = {
			isa = PBXGroup;
			children = (
				C5478DE31C6968D900843BA3 /* Info.plist */,
			);
			name = "Supporting Files";
			sourceTree = "<group>";
		};
		C5C04BBC1C696767007397D0 = {
			isa = PBXGroup;
			children = (
				C5C04BC81C696767007397D0 /* Source */,
				C5C04BD41C696767007397D0 /* Tests */,
				C5C04BC71C696767007397D0 /* Products */,
				39450C4F88D2BC32572653A7 /* Pods */,
				6AFB87098F7DCE3A54F40A49 /* Frameworks */,
			);
			sourceTree = "<group>";
		};
		C5C04BC71C696767007397D0 /* Products */ = {
			isa = PBXGroup;
			children = (
				C5C04BC61C696767007397D0 /* LaunchGate.framework */,
				C5C04BD01C696767007397D0 /* LaunchGateTests.xctest */,
			);
			name = Products;
			sourceTree = "<group>";
		};
		C5C04BC81C696767007397D0 /* Source */ = {
			isa = PBXGroup;
			children = (
				C5478DC81C6968C800843BA3 /* AlertConfiguration.swift */,
				C5478DCC1C6968C800843BA3 /* DefaultParser.swift */,
				C5478DC91C6968C800843BA3 /* DialogManager.swift */,
				C5478DCA1C6968C800843BA3 /* LaunchGate.swift */,
				C5478DCB1C6968C800843BA3 /* LaunchGateConfiguration.swift */,
				C5478DCD1C6968C800843BA3 /* LaunchGateParser.swift */,
				C54CD9651C6BBAF50049E669 /* Memory.swift */,
				C5478DCF1C6968C800843BA3 /* Rememberable.swift */,
				C5478DCE1C6968C800843BA3 /* RemoteFileManager.swift */,
				C5478DD01C6968C800843BA3 /* UpdateConfiguration.swift */,
				C5A878AA1C6A7E36004599C2 /* Supporting Files */,
			);
			path = Source;
			sourceTree = "<group>";
		};
		C5C04BD41C696767007397D0 /* Tests */ = {
			isa = PBXGroup;
			children = (
				C5478DE21C6968D900843BA3 /* ConfigurationSpec.swift */,
				C5478DDE1C6968D900843BA3 /* DefaultParserSpec.swift */,
				C5ACF5331C74EF72009C1729 /* DialogManagerSpec.swift */,
				C5478DE01C6968D900843BA3 /* LaunchGateSpec.swift */,
				C5ACC55C1C75240F009AE9F0 /* MemorySpec.swift */,
				C5478DDF1C6968D900843BA3 /* RemoteFileManagerSpec.swift */,
				C5478DE11C6968D900843BA3 /* SpecHelper.swift */,
				C5A8786D1C6A74B9004599C2 /* Fixtures */,
				C5A878AB1C6A7E3F004599C2 /* Supporting Files */,
			);
			path = Tests;
			sourceTree = "<group>";
		};
/* End PBXGroup section */

/* Begin PBXHeadersBuildPhase section */
		C5C04BC31C696767007397D0 /* Headers */ = {
			isa = PBXHeadersBuildPhase;
			buildActionMask = 2147483647;
			files = (
				C5478DDD1C6968C800843BA3 /* LaunchGate.h in Headers */,
			);
			runOnlyForDeploymentPostprocessing = 0;
		};
/* End PBXHeadersBuildPhase section */

/* Begin PBXNativeTarget section */
		C5C04BC51C696767007397D0 /* LaunchGate */ = {
			isa = PBXNativeTarget;
			buildConfigurationList = C5C04BDA1C696767007397D0 /* Build configuration list for PBXNativeTarget "LaunchGate" */;
			buildPhases = (
				9DC7CFBAF84F9C5EF0293E5A /* [CP] Check Pods Manifest.lock */,
				C5B85B4E1C6A862E00B007CD /* Swiftlint */,
				C5C04BC11C696767007397D0 /* Sources */,
				C5C04BC21C696767007397D0 /* Frameworks */,
				C5C04BC31C696767007397D0 /* Headers */,
				C5C04BC41C696767007397D0 /* Resources */,
				DBC12B8317623B5CF98B6810 /* [CP] Copy Pods Resources */,
			);
			buildRules = (
			);
			dependencies = (
			);
			name = LaunchGate;
			productName = LaunchGate;
			productReference = C5C04BC61C696767007397D0 /* LaunchGate.framework */;
			productType = "com.apple.product-type.framework";
		};
		C5C04BCF1C696767007397D0 /* LaunchGateTests */ = {
			isa = PBXNativeTarget;
			buildConfigurationList = C5C04BDD1C696767007397D0 /* Build configuration list for PBXNativeTarget "LaunchGateTests" */;
			buildPhases = (
				C76D564ED9E289949248D7A9 /* [CP] Check Pods Manifest.lock */,
				C5C04BCC1C696767007397D0 /* Sources */,
				C5C04BCD1C696767007397D0 /* Frameworks */,
				C5C04BCE1C696767007397D0 /* Resources */,
				9F31E47EBB50721D2046C6CC /* [CP] Embed Pods Frameworks */,
				FC8B5F2AC9518D4264A0CAB5 /* [CP] Copy Pods Resources */,
			);
			buildRules = (
			);
			dependencies = (
				C5C04BD31C696767007397D0 /* PBXTargetDependency */,
			);
			name = LaunchGateTests;
			productName = LaunchGateTests;
			productReference = C5C04BD01C696767007397D0 /* LaunchGateTests.xctest */;
			productType = "com.apple.product-type.bundle.unit-test";
		};
/* End PBXNativeTarget section */

/* Begin PBXProject section */
		C5C04BBD1C696767007397D0 /* Project object */ = {
			isa = PBXProject;
			attributes = {
				LastSwiftUpdateCheck = 0720;
				LastUpgradeCheck = 0830;
				ORGANIZATIONNAME = "Dan Trenz";
				TargetAttributes = {
					C5C04BC51C696767007397D0 = {
						CreatedOnToolsVersion = 7.2;
						LastSwiftMigration = 0830;
					};
					C5C04BCF1C696767007397D0 = {
						CreatedOnToolsVersion = 7.2;
						LastSwiftMigration = 0830;
					};
				};
			};
			buildConfigurationList = C5C04BC01C696767007397D0 /* Build configuration list for PBXProject "LaunchGate" */;
			compatibilityVersion = "Xcode 3.2";
			developmentRegion = English;
			hasScannedForEncodings = 0;
			knownRegions = (
				en,
			);
			mainGroup = C5C04BBC1C696767007397D0;
			productRefGroup = C5C04BC71C696767007397D0 /* Products */;
			projectDirPath = "";
			projectRoot = "";
			targets = (
				C5C04BC51C696767007397D0 /* LaunchGate */,
				C5C04BCF1C696767007397D0 /* LaunchGateTests */,
			);
		};
/* End PBXProject section */

/* Begin PBXResourcesBuildPhase section */
		C5C04BC41C696767007397D0 /* Resources */ = {
			isa = PBXResourcesBuildPhase;
			buildActionMask = 2147483647;
			files = (
			);
			runOnlyForDeploymentPostprocessing = 0;
		};
		C5C04BCE1C696767007397D0 /* Resources */ = {
			isa = PBXResourcesBuildPhase;
			buildActionMask = 2147483647;
			files = (
				C5A110031C73D6D900ACA109 /* config-required.json in Resources */,
				C5A110041C73D6DC00ACA109 /* config-optional.json in Resources */,
				C5A8787F1C6A74DD004599C2 /* config.json in Resources */,
				C5A8787B1C6A74DD004599C2 /* config-malformed-empty.json in Resources */,
				C5A8787A1C6A74DD004599C2 /* config-malformed-alert.json in Resources */,
				C5A110021C73D6D500ACA109 /* config-alert.json in Resources */,
				C5A8787C1C6A74DD004599C2 /* config-malformed-ios.json in Resources */,
				C5A8787E1C6A74DD004599C2 /* config-malformed-required.json in Resources */,
				C5A8787D1C6A74DD004599C2 /* config-malformed-optional.json in Resources */,
			);
			runOnlyForDeploymentPostprocessing = 0;
		};
/* End PBXResourcesBuildPhase section */

/* Begin PBXShellScriptBuildPhase section */
		9DC7CFBAF84F9C5EF0293E5A /* [CP] Check Pods Manifest.lock */ = {
			isa = PBXShellScriptBuildPhase;
			buildActionMask = 2147483647;
			files = (
			);
			inputPaths = (
			);
			name = "[CP] Check Pods Manifest.lock";
			outputPaths = (
			);
			runOnlyForDeploymentPostprocessing = 0;
			shellPath = /bin/sh;
			shellScript = "diff \"${PODS_PODFILE_DIR_PATH}/Podfile.lock\" \"${PODS_ROOT}/Manifest.lock\" > /dev/null\nif [ $? != 0 ] ; then\n    # print error to STDERR\n    echo \"error: The sandbox is not in sync with the Podfile.lock. Run 'pod install' or update your CocoaPods installation.\" >&2\n    exit 1\nfi\n";
			showEnvVarsInLog = 0;
		};
		9F31E47EBB50721D2046C6CC /* [CP] Embed Pods Frameworks */ = {
			isa = PBXShellScriptBuildPhase;
			buildActionMask = 2147483647;
			files = (
			);
			inputPaths = (
			);
			name = "[CP] Embed Pods Frameworks";
			outputPaths = (
			);
			runOnlyForDeploymentPostprocessing = 0;
			shellPath = /bin/sh;
			shellScript = "\"${SRCROOT}/Pods/Target Support Files/Pods-LaunchGateTests/Pods-LaunchGateTests-frameworks.sh\"\n";
			showEnvVarsInLog = 0;
		};
		C5B85B4E1C6A862E00B007CD /* Swiftlint */ = {
			isa = PBXShellScriptBuildPhase;
			buildActionMask = 2147483647;
			files = (
			);
			inputPaths = (
			);
			name = Swiftlint;
			outputPaths = (
			);
			runOnlyForDeploymentPostprocessing = 0;
			shellPath = /bin/sh;
			shellScript = "\"${PODS_ROOT}/SwiftLint/swiftlint\"";
		};
		C76D564ED9E289949248D7A9 /* [CP] Check Pods Manifest.lock */ = {
			isa = PBXShellScriptBuildPhase;
			buildActionMask = 2147483647;
			files = (
			);
			inputPaths = (
			);
			name = "[CP] Check Pods Manifest.lock";
			outputPaths = (
			);
			runOnlyForDeploymentPostprocessing = 0;
			shellPath = /bin/sh;
			shellScript = "diff \"${PODS_PODFILE_DIR_PATH}/Podfile.lock\" \"${PODS_ROOT}/Manifest.lock\" > /dev/null\nif [ $? != 0 ] ; then\n    # print error to STDERR\n    echo \"error: The sandbox is not in sync with the Podfile.lock. Run 'pod install' or update your CocoaPods installation.\" >&2\n    exit 1\nfi\n";
			showEnvVarsInLog = 0;
		};
		DBC12B8317623B5CF98B6810 /* [CP] Copy Pods Resources */ = {
			isa = PBXShellScriptBuildPhase;
			buildActionMask = 2147483647;
			files = (
			);
			inputPaths = (
			);
			name = "[CP] Copy Pods Resources";
			outputPaths = (
			);
			runOnlyForDeploymentPostprocessing = 0;
			shellPath = /bin/sh;
			shellScript = "\"${SRCROOT}/Pods/Target Support Files/Pods-LaunchGate/Pods-LaunchGate-resources.sh\"\n";
			showEnvVarsInLog = 0;
		};
		FC8B5F2AC9518D4264A0CAB5 /* [CP] Copy Pods Resources */ = {
			isa = PBXShellScriptBuildPhase;
			buildActionMask = 2147483647;
			files = (
			);
			inputPaths = (
			);
			name = "[CP] Copy Pods Resources";
			outputPaths = (
			);
			runOnlyForDeploymentPostprocessing = 0;
			shellPath = /bin/sh;
			shellScript = "\"${SRCROOT}/Pods/Target Support Files/Pods-LaunchGateTests/Pods-LaunchGateTests-resources.sh\"\n";
			showEnvVarsInLog = 0;
		};
/* End PBXShellScriptBuildPhase section */

/* Begin PBXSourcesBuildPhase section */
		C5C04BC11C696767007397D0 /* Sources */ = {
			isa = PBXSourcesBuildPhase;
			buildActionMask = 2147483647;
			files = (
				C5478DDA1C6968C800843BA3 /* Rememberable.swift in Sources */,
				C5478DD61C6968C800843BA3 /* LaunchGateConfiguration.swift in Sources */,
				C5478DD71C6968C800843BA3 /* DefaultParser.swift in Sources */,
				C5478DD91C6968C800843BA3 /* RemoteFileManager.swift in Sources */,
				C5478DD51C6968C800843BA3 /* LaunchGate.swift in Sources */,
				C5478DD31C6968C800843BA3 /* AlertConfiguration.swift in Sources */,
				C5478DD81C6968C800843BA3 /* LaunchGateParser.swift in Sources */,
				C5478DD41C6968C800843BA3 /* DialogManager.swift in Sources */,
				C54CD9661C6BBAF50049E669 /* Memory.swift in Sources */,
				C5478DDB1C6968C800843BA3 /* UpdateConfiguration.swift in Sources */,
			);
			runOnlyForDeploymentPostprocessing = 0;
		};
		C5C04BCC1C696767007397D0 /* Sources */ = {
			isa = PBXSourcesBuildPhase;
			buildActionMask = 2147483647;
			files = (
				C5478DED1C6968DF00843BA3 /* SpecHelper.swift in Sources */,
				C5478DEB1C6968DF00843BA3 /* RemoteFileManagerSpec.swift in Sources */,
				C5478DEC1C6968DF00843BA3 /* LaunchGateSpec.swift in Sources */,
				C5478DEA1C6968DF00843BA3 /* DefaultParserSpec.swift in Sources */,
				C5ACF5341C74EF72009C1729 /* DialogManagerSpec.swift in Sources */,
				C5478DEE1C6968DF00843BA3 /* ConfigurationSpec.swift in Sources */,
				C5ACC55D1C75240F009AE9F0 /* MemorySpec.swift in Sources */,
			);
			runOnlyForDeploymentPostprocessing = 0;
		};
/* End PBXSourcesBuildPhase section */

/* Begin PBXTargetDependency section */
		C5C04BD31C696767007397D0 /* PBXTargetDependency */ = {
			isa = PBXTargetDependency;
			target = C5C04BC51C696767007397D0 /* LaunchGate */;
			targetProxy = C5C04BD21C696767007397D0 /* PBXContainerItemProxy */;
		};
/* End PBXTargetDependency section */

/* Begin XCBuildConfiguration section */
		C5C04BD81C696767007397D0 /* Debug */ = {
			isa = XCBuildConfiguration;
			buildSettings = {
				ALWAYS_SEARCH_USER_PATHS = NO;
				CLANG_CXX_LANGUAGE_STANDARD = "gnu++0x";
				CLANG_CXX_LIBRARY = "libc++";
				CLANG_ENABLE_MODULES = YES;
				CLANG_ENABLE_OBJC_ARC = YES;
				CLANG_WARN_BOOL_CONVERSION = YES;
				CLANG_WARN_CONSTANT_CONVERSION = YES;
				CLANG_WARN_DIRECT_OBJC_ISA_USAGE = YES_ERROR;
				CLANG_WARN_EMPTY_BODY = YES;
				CLANG_WARN_ENUM_CONVERSION = YES;
				CLANG_WARN_INFINITE_RECURSION = YES;
				CLANG_WARN_INT_CONVERSION = YES;
				CLANG_WARN_OBJC_ROOT_CLASS = YES_ERROR;
				CLANG_WARN_SUSPICIOUS_MOVE = YES;
				CLANG_WARN_UNREACHABLE_CODE = YES;
				CLANG_WARN__DUPLICATE_METHOD_MATCH = YES;
				"CODE_SIGN_IDENTITY[sdk=iphoneos*]" = "iPhone Developer";
				COPY_PHASE_STRIP = NO;
				CURRENT_PROJECT_VERSION = 1;
				DEBUG_INFORMATION_FORMAT = dwarf;
				ENABLE_STRICT_OBJC_MSGSEND = YES;
				ENABLE_TESTABILITY = YES;
				GCC_C_LANGUAGE_STANDARD = gnu99;
				GCC_DYNAMIC_NO_PIC = NO;
				GCC_NO_COMMON_BLOCKS = YES;
				GCC_OPTIMIZATION_LEVEL = 0;
				GCC_PREPROCESSOR_DEFINITIONS = (
					"DEBUG=1",
					"$(inherited)",
				);
				GCC_WARN_64_TO_32_BIT_CONVERSION = YES;
				GCC_WARN_ABOUT_RETURN_TYPE = YES_ERROR;
				GCC_WARN_UNDECLARED_SELECTOR = YES;
				GCC_WARN_UNINITIALIZED_AUTOS = YES_AGGRESSIVE;
				GCC_WARN_UNUSED_FUNCTION = YES;
				GCC_WARN_UNUSED_VARIABLE = YES;
				IPHONEOS_DEPLOYMENT_TARGET = 9.2;
				MTL_ENABLE_DEBUG_INFO = YES;
				ONLY_ACTIVE_ARCH = YES;
				SDKROOT = iphoneos;
				SWIFT_OPTIMIZATION_LEVEL = "-Onone";
				TARGETED_DEVICE_FAMILY = "1,2";
				VERSIONING_SYSTEM = "apple-generic";
				VERSION_INFO_PREFIX = "";
			};
			name = Debug;
		};
		C5C04BD91C696767007397D0 /* Release */ = {
			isa = XCBuildConfiguration;
			buildSettings = {
				ALWAYS_SEARCH_USER_PATHS = NO;
				CLANG_CXX_LANGUAGE_STANDARD = "gnu++0x";
				CLANG_CXX_LIBRARY = "libc++";
				CLANG_ENABLE_MODULES = YES;
				CLANG_ENABLE_OBJC_ARC = YES;
				CLANG_WARN_BOOL_CONVERSION = YES;
				CLANG_WARN_CONSTANT_CONVERSION = YES;
				CLANG_WARN_DIRECT_OBJC_ISA_USAGE = YES_ERROR;
				CLANG_WARN_EMPTY_BODY = YES;
				CLANG_WARN_ENUM_CONVERSION = YES;
				CLANG_WARN_INFINITE_RECURSION = YES;
				CLANG_WARN_INT_CONVERSION = YES;
				CLANG_WARN_OBJC_ROOT_CLASS = YES_ERROR;
				CLANG_WARN_SUSPICIOUS_MOVE = YES;
				CLANG_WARN_UNREACHABLE_CODE = YES;
				CLANG_WARN__DUPLICATE_METHOD_MATCH = YES;
				"CODE_SIGN_IDENTITY[sdk=iphoneos*]" = "iPhone Developer";
				COPY_PHASE_STRIP = NO;
				CURRENT_PROJECT_VERSION = 1;
				DEBUG_INFORMATION_FORMAT = "dwarf-with-dsym";
				ENABLE_NS_ASSERTIONS = NO;
				ENABLE_STRICT_OBJC_MSGSEND = YES;
				GCC_C_LANGUAGE_STANDARD = gnu99;
				GCC_NO_COMMON_BLOCKS = YES;
				GCC_WARN_64_TO_32_BIT_CONVERSION = YES;
				GCC_WARN_ABOUT_RETURN_TYPE = YES_ERROR;
				GCC_WARN_UNDECLARED_SELECTOR = YES;
				GCC_WARN_UNINITIALIZED_AUTOS = YES_AGGRESSIVE;
				GCC_WARN_UNUSED_FUNCTION = YES;
				GCC_WARN_UNUSED_VARIABLE = YES;
				IPHONEOS_DEPLOYMENT_TARGET = 9.2;
				MTL_ENABLE_DEBUG_INFO = NO;
				SDKROOT = iphoneos;
				SWIFT_OPTIMIZATION_LEVEL = "-Owholemodule";
				TARGETED_DEVICE_FAMILY = "1,2";
				VALIDATE_PRODUCT = YES;
				VERSIONING_SYSTEM = "apple-generic";
				VERSION_INFO_PREFIX = "";
			};
			name = Release;
		};
		C5C04BDB1C696767007397D0 /* Debug */ = {
			isa = XCBuildConfiguration;
			baseConfigurationReference = 293D3BC7DDE54B109DD218FD /* Pods-LaunchGate.debug.xcconfig */;
			buildSettings = {
				CLANG_ENABLE_MODULES = YES;
				"CODE_SIGN_IDENTITY[sdk=iphoneos*]" = "";
				DEFINES_MODULE = YES;
				DYLIB_COMPATIBILITY_VERSION = 1;
				DYLIB_CURRENT_VERSION = 1;
				DYLIB_INSTALL_NAME_BASE = "@rpath";
				INFOPLIST_FILE = Source/Info.plist;
				INSTALL_PATH = "$(LOCAL_LIBRARY_DIR)/Frameworks";
				LD_RUNPATH_SEARCH_PATHS = "$(inherited) @executable_path/Frameworks @loader_path/Frameworks";
				PRODUCT_BUNDLE_IDENTIFIER = com.dtrenz.LaunchGate;
				PRODUCT_NAME = "$(TARGET_NAME)";
				SKIP_INSTALL = YES;
				SWIFT_OPTIMIZATION_LEVEL = "-Onone";
				SWIFT_VERSION = 3.0;
			};
			name = Debug;
		};
		C5C04BDC1C696767007397D0 /* Release */ = {
			isa = XCBuildConfiguration;
			baseConfigurationReference = A881ED02961A5E6352EEBF2E /* Pods-LaunchGate.release.xcconfig */;
			buildSettings = {
				CLANG_ENABLE_MODULES = YES;
				"CODE_SIGN_IDENTITY[sdk=iphoneos*]" = "";
				DEFINES_MODULE = YES;
				DYLIB_COMPATIBILITY_VERSION = 1;
				DYLIB_CURRENT_VERSION = 1;
				DYLIB_INSTALL_NAME_BASE = "@rpath";
				INFOPLIST_FILE = Source/Info.plist;
				INSTALL_PATH = "$(LOCAL_LIBRARY_DIR)/Frameworks";
				LD_RUNPATH_SEARCH_PATHS = "$(inherited) @executable_path/Frameworks @loader_path/Frameworks";
				PRODUCT_BUNDLE_IDENTIFIER = com.dtrenz.LaunchGate;
				PRODUCT_NAME = "$(TARGET_NAME)";
				SKIP_INSTALL = YES;
				SWIFT_VERSION = 3.0;
			};
			name = Release;
		};
		C5C04BDE1C696767007397D0 /* Debug */ = {
			isa = XCBuildConfiguration;
			baseConfigurationReference = 9EE87D27A2BAEF9BC5A90AF1 /* Pods-LaunchGateTests.debug.xcconfig */;
			buildSettings = {
				INFOPLIST_FILE = Tests/Info.plist;
				LD_RUNPATH_SEARCH_PATHS = "$(inherited) @executable_path/Frameworks @loader_path/Frameworks";
				PRODUCT_BUNDLE_IDENTIFIER = com.dtrenz.LaunchGateTests;
				PRODUCT_NAME = "$(TARGET_NAME)";
				SWIFT_VERSION = 3.0;
			};
			name = Debug;
		};
		C5C04BDF1C696767007397D0 /* Release */ = {
			isa = XCBuildConfiguration;
			baseConfigurationReference = 5AB7C55DD8BF85EC8936F7D7 /* Pods-LaunchGateTests.release.xcconfig */;
			buildSettings = {
				INFOPLIST_FILE = Tests/Info.plist;
				LD_RUNPATH_SEARCH_PATHS = "$(inherited) @executable_path/Frameworks @loader_path/Frameworks";
				PRODUCT_BUNDLE_IDENTIFIER = com.dtrenz.LaunchGateTests;
				PRODUCT_NAME = "$(TARGET_NAME)";
				SWIFT_VERSION = 3.0;
			};
			name = Release;
		};
/* End XCBuildConfiguration section */

/* Begin XCConfigurationList section */
		C5C04BC01C696767007397D0 /* Build configuration list for PBXProject "LaunchGate" */ = {
			isa = XCConfigurationList;
			buildConfigurations = (
				C5C04BD81C696767007397D0 /* Debug */,
				C5C04BD91C696767007397D0 /* Release */,
			);
			defaultConfigurationIsVisible = 0;
			defaultConfigurationName = Release;
		};
		C5C04BDA1C696767007397D0 /* Build configuration list for PBXNativeTarget "LaunchGate" */ = {
			isa = XCConfigurationList;
			buildConfigurations = (
				C5C04BDB1C696767007397D0 /* Debug */,
				C5C04BDC1C696767007397D0 /* Release */,
			);
			defaultConfigurationIsVisible = 0;
			defaultConfigurationName = Release;
		};
		C5C04BDD1C696767007397D0 /* Build configuration list for PBXNativeTarget "LaunchGateTests" */ = {
			isa = XCConfigurationList;
			buildConfigurations = (
				C5C04BDE1C696767007397D0 /* Debug */,
				C5C04BDF1C696767007397D0 /* Release */,
			);
			defaultConfigurationIsVisible = 0;
			defaultConfigurationName = Release;
		};
/* End XCConfigurationList section */
	};
	rootObject = C5C04BBD1C696767007397D0 /* Project object */;
}
