// !$*UTF8*$!
{
	archiveVersion = 1;
	classes = {
	};
	objectVersion = 46;
	objects = {

/* Begin PBXBuildFile section */
		C54F02FF1C6D472300CAD402 /* example.json in Resources */ = {isa = PBXBuildFile; fileRef = C54F02FE1C6D472300CAD402 /* example.json */; };
		C5A8788D1C6A7A95004599C2 /* AppDelegate.swift in Sources */ = {isa = PBXBuildFile; fileRef = C5A8788C1C6A7A95004599C2 /* AppDelegate.swift */; };
		C5A878921C6A7A95004599C2 /* Main.storyboard in Resources */ = {isa = PBXBuildFile; fileRef = C5A878901C6A7A95004599C2 /* Main.storyboard */; };
		C5A878941C6A7A95004599C2 /* Assets.xcassets in Resources */ = {isa = PBXBuildFile; fileRef = C5A878931C6A7A95004599C2 /* Assets.xcassets */; };
		C5A878971C6A7A95004599C2 /* LaunchScreen.storyboard in Resources */ = {isa = PBXBuildFile; fileRef = C5A878951C6A7A95004599C2 /* LaunchScreen.storyboard */; };
		C5A878A91C6A7C25004599C2 /* LaunchGate.framework in CopyFiles */ = {isa = PBXBuildFile; fileRef = C5A878A51C6A7B69004599C2 /* LaunchGate.framework */; settings = {ATTRIBUTES = (CodeSignOnCopy, RemoveHeadersOnCopy, ); }; };
/* End PBXBuildFile section */

/* Begin PBXContainerItemProxy section */
		C5A878A41C6A7B69004599C2 /* PBXContainerItemProxy */ = {
			isa = PBXContainerItemProxy;
			containerPortal = C5A8789F1C6A7B69004599C2 /* LaunchGate.xcodeproj */;
			proxyType = 2;
			remoteGlobalIDString = C5C04BC61C696767007397D0;
			remoteInfo = LaunchGate;
		};
		C5A878A61C6A7B69004599C2 /* PBXContainerItemProxy */ = {
			isa = PBXContainerItemProxy;
			containerPortal = C5A8789F1C6A7B69004599C2 /* LaunchGate.xcodeproj */;
			proxyType = 2;
			remoteGlobalIDString = C5C04BD01C696767007397D0;
			remoteInfo = LaunchGateTests;
		};
/* End PBXContainerItemProxy section */

/* Begin PBXCopyFilesBuildPhase section */
		C5A878A81C6A7BE0004599C2 /* CopyFiles */ = {
			isa = PBXCopyFilesBuildPhase;
			buildActionMask = 2147483647;
			dstPath = "";
			dstSubfolderSpec = 10;
			files = (
				C5A878A91C6A7C25004599C2 /* LaunchGate.framework in CopyFiles */,
			);
			runOnlyForDeploymentPostprocessing = 0;
		};
/* End PBXCopyFilesBuildPhase section */

/* Begin PBXFileReference section */
		C54F02FE1C6D472300CAD402 /* example.json */ = {isa = PBXFileReference; fileEncoding = 4; lastKnownFileType = text.json; path = example.json; sourceTree = "<group>"; };
		C5A878891C6A7A95004599C2 /* Example.app */ = {isa = PBXFileReference; explicitFileType = wrapper.application; includeInIndex = 0; path = Example.app; sourceTree = BUILT_PRODUCTS_DIR; };
		C5A8788C1C6A7A95004599C2 /* AppDelegate.swift */ = {isa = PBXFileReference; lastKnownFileType = sourcecode.swift; path = AppDelegate.swift; sourceTree = "<group>"; };
		C5A878911C6A7A95004599C2 /* Base */ = {isa = PBXFileReference; lastKnownFileType = file.storyboard; name = Base; path = Base.lproj/Main.storyboard; sourceTree = "<group>"; };
		C5A878931C6A7A95004599C2 /* Assets.xcassets */ = {isa = PBXFileReference; lastKnownFileType = folder.assetcatalog; path = Assets.xcassets; sourceTree = "<group>"; };
		C5A878961C6A7A95004599C2 /* Base */ = {isa = PBXFileReference; lastKnownFileType = file.storyboard; name = Base; path = Base.lproj/LaunchScreen.storyboard; sourceTree = "<group>"; };
		C5A878981C6A7A95004599C2 /* Info.plist */ = {isa = PBXFileReference; lastKnownFileType = text.plist.xml; path = Info.plist; sourceTree = "<group>"; };
		C5A8789F1C6A7B69004599C2 /* LaunchGate.xcodeproj */ = {isa = PBXFileReference; lastKnownFileType = "wrapper.pb-project"; name = LaunchGate.xcodeproj; path = ../LaunchGate.xcodeproj; sourceTree = "<group>"; };
/* End PBXFileReference section */

/* Begin PBXFrameworksBuildPhase section */
		C5A878861C6A7A95004599C2 /* Frameworks */ = {
			isa = PBXFrameworksBuildPhase;
			buildActionMask = 2147483647;
			files = (
			);
			runOnlyForDeploymentPostprocessing = 0;
		};
/* End PBXFrameworksBuildPhase section */

/* Begin PBXGroup section */
		C5A878801C6A7A95004599C2 = {
			isa = PBXGroup;
			children = (
				C5A8788B1C6A7A95004599C2 /* Example */,
				C5A8788A1C6A7A95004599C2 /* Products */,
				C5A8789F1C6A7B69004599C2 /* LaunchGate.xcodeproj */,
			);
			sourceTree = "<group>";
		};
		C5A8788A1C6A7A95004599C2 /* Products */ = {
			isa = PBXGroup;
			children = (
				C5A878891C6A7A95004599C2 /* Example.app */,
			);
			name = Products;
			sourceTree = "<group>";
		};
		C5A8788B1C6A7A95004599C2 /* Example */ = {
			isa = PBXGroup;
			children = (
				C5A878981C6A7A95004599C2 /* Info.plist */,
				C5A8788C1C6A7A95004599C2 /* AppDelegate.swift */,
				C5A878931C6A7A95004599C2 /* Assets.xcassets */,
				C5A878951C6A7A95004599C2 /* LaunchScreen.storyboard */,
				C5A878901C6A7A95004599C2 /* Main.storyboard */,
				C54F02FE1C6D472300CAD402 /* example.json */,
			);
			path = Example;
			sourceTree = "<group>";
		};
		C5A878A01C6A7B69004599C2 /* Products */ = {
			isa = PBXGroup;
			children = (
				C5A878A51C6A7B69004599C2 /* LaunchGate.framework */,
				C5A878A71C6A7B69004599C2 /* LaunchGateTests.xctest */,
			);
			name = Products;
			sourceTree = "<group>";
		};
/* End PBXGroup section */

/* Begin PBXNativeTarget section */
		C5A878881C6A7A95004599C2 /* Example */ = {
			isa = PBXNativeTarget;
			buildConfigurationList = C5A8789B1C6A7A95004599C2 /* Build configuration list for PBXNativeTarget "Example" */;
			buildPhases = (
				C5A878851C6A7A95004599C2 /* Sources */,
				C5A878861C6A7A95004599C2 /* Frameworks */,
				C5A878871C6A7A95004599C2 /* Resources */,
				C5A878A81C6A7BE0004599C2 /* CopyFiles */,
			);
			buildRules = (
			);
			dependencies = (
			);
			name = Example;
			productName = Example;
			productReference = C5A878891C6A7A95004599C2 /* Example.app */;
			productType = "com.apple.product-type.application";
		};
/* End PBXNativeTarget section */

/* Begin PBXProject section */
		C5A878811C6A7A95004599C2 /* Project object */ = {
			isa = PBXProject;
			attributes = {
				LastSwiftUpdateCheck = 0720;
				LastUpgradeCheck = 0720;
				ORGANIZATIONNAME = "Dan Trenz";
				TargetAttributes = {
					C5A878881C6A7A95004599C2 = {
						CreatedOnToolsVersion = 7.2;
					};
				};
			};
			buildConfigurationList = C5A878841C6A7A95004599C2 /* Build configuration list for PBXProject "Example" */;
			compatibilityVersion = "Xcode 3.2";
			developmentRegion = English;
			hasScannedForEncodings = 0;
			knownRegions = (
				en,
				Base,
			);
			mainGroup = C5A878801C6A7A95004599C2;
			productRefGroup = C5A8788A1C6A7A95004599C2 /* Products */;
			projectDirPath = "";
			projectReferences = (
				{
					ProductGroup = C5A878A01C6A7B69004599C2 /* Products */;
					ProjectRef = C5A8789F1C6A7B69004599C2 /* LaunchGate.xcodeproj */;
				},
			);
			projectRoot = "";
			targets = (
				C5A878881C6A7A95004599C2 /* Example */,
			);
		};
/* End PBXProject section */

/* Begin PBXReferenceProxy section */
		C5A878A51C6A7B69004599C2 /* LaunchGate.framework */ = {
			isa = PBXReferenceProxy;
			fileType = wrapper.framework;
			path = LaunchGate.framework;
			remoteRef = C5A878A41C6A7B69004599C2 /* PBXContainerItemProxy */;
			sourceTree = BUILT_PRODUCTS_DIR;
		};
		C5A878A71C6A7B69004599C2 /* LaunchGateTests.xctest */ = {
			isa = PBXReferenceProxy;
			fileType = wrapper.cfbundle;
			path = LaunchGateTests.xctest;
			remoteRef = C5A878A61C6A7B69004599C2 /* PBXContainerItemProxy */;
			sourceTree = BUILT_PRODUCTS_DIR;
		};
/* End PBXReferenceProxy section */

/* Begin PBXResourcesBuildPhase section */
		C5A878871C6A7A95004599C2 /* Resources */ = {
			isa = PBXResourcesBuildPhase;
			buildActionMask = 2147483647;
			files = (
				C54F02FF1C6D472300CAD402 /* example.json in Resources */,
				C5A878971C6A7A95004599C2 /* LaunchScreen.storyboard in Resources */,
				C5A878941C6A7A95004599C2 /* Assets.xcassets in Resources */,
				C5A878921C6A7A95004599C2 /* Main.storyboard in Resources */,
			);
			runOnlyForDeploymentPostprocessing = 0;
		};
/* End PBXResourcesBuildPhase section */

/* Begin PBXSourcesBuildPhase section */
		C5A878851C6A7A95004599C2 /* Sources */ = {
			isa = PBXSourcesBuildPhase;
			buildActionMask = 2147483647;
			files = (
				C5A8788D1C6A7A95004599C2 /* AppDelegate.swift in Sources */,
			);
			runOnlyForDeploymentPostprocessing = 0;
		};
/* End PBXSourcesBuildPhase section */

/* Begin PBXVariantGroup section */
		C5A878901C6A7A95004599C2 /* Main.storyboard */ = {
			isa = PBXVariantGroup;
			children = (
				C5A878911C6A7A95004599C2 /* Base */,
			);
			name = Main.storyboard;
			sourceTree = "<group>";
		};
		C5A878951C6A7A95004599C2 /* LaunchScreen.storyboard */ = {
			isa = PBXVariantGroup;
			children = (
				C5A878961C6A7A95004599C2 /* Base */,
			);
			name = LaunchScreen.storyboard;
			sourceTree = "<group>";
		};
/* End PBXVariantGroup section */

/* Begin XCBuildConfiguration section */
		C5A878991C6A7A95004599C2 /* Debug */ = {
			isa = XCBuildConfiguration;
			buildSettings = {
				ALWAYS_SEARCH_USER_PATHS = NO;
				CLANG_CXX_LANGUAGE_STANDARD = "gnu++0x";
				CLANG_CXX_LIBRARY = "libc++";
				CLANG_ENABLE_MODULES = YES;
				CLANG_ENABLE_OBJC_ARC = YES;
				CLANG_WARN_BOOL_CONVERSION = YES;
				CLANG_WARN_CONSTANT_CONVERSION = YES;
				CLANG_WARN_DIRECT_OBJC_ISA_USAGE = YES_ERROR;
				CLANG_WARN_EMPTY_BODY = YES;
				CLANG_WARN_ENUM_CONVERSION = YES;
				CLANG_WARN_INT_CONVERSION = YES;
				CLANG_WARN_OBJC_ROOT_CLASS = YES_ERROR;
				CLANG_WARN_UNREACHABLE_CODE = YES;
				CLANG_WARN__DUPLICATE_METHOD_MATCH = YES;
				"CODE_SIGN_IDENTITY[sdk=iphoneos*]" = "iPhone Developer";
				COPY_PHASE_STRIP = NO;
				DEBUG_INFORMATION_FORMAT = dwarf;
				ENABLE_STRICT_OBJC_MSGSEND = YES;
				ENABLE_TESTABILITY = YES;
				GCC_C_LANGUAGE_STANDARD = gnu99;
				GCC_DYNAMIC_NO_PIC = NO;
				GCC_NO_COMMON_BLOCKS = YES;
				GCC_OPTIMIZATION_LEVEL = 0;
				GCC_PREPROCESSOR_DEFINITIONS = (
					"DEBUG=1",
					"$(inherited)",
				);
				GCC_WARN_64_TO_32_BIT_CONVERSION = YES;
				GCC_WARN_ABOUT_RETURN_TYPE = YES_ERROR;
				GCC_WARN_UNDECLARED_SELECTOR = YES;
				GCC_WARN_UNINITIALIZED_AUTOS = YES_AGGRESSIVE;
				GCC_WARN_UNUSED_FUNCTION = YES;
				GCC_WARN_UNUSED_VARIABLE = YES;
				IPHONEOS_DEPLOYMENT_TARGET = 9.2;
				MTL_ENABLE_DEBUG_INFO = YES;
				ONLY_ACTIVE_ARCH = YES;
				SDKROOT = iphoneos;
				SWIFT_OPTIMIZATION_LEVEL = "-Onone";
			};
			name = Debug;
		};
		C5A8789A1C6A7A95004599C2 /* Release */ = {
			isa = XCBuildConfiguration;
			buildSettings = {
				ALWAYS_SEARCH_USER_PATHS = NO;
				CLANG_CXX_LANGUAGE_STANDARD = "gnu++0x";
				CLANG_CXX_LIBRARY = "libc++";
				CLANG_ENABLE_MODULES = YES;
				CLANG_ENABLE_OBJC_ARC = YES;
				CLANG_WARN_BOOL_CONVERSION = YES;
				CLANG_WARN_CONSTANT_CONVERSION = YES;
				CLANG_WARN_DIRECT_OBJC_ISA_USAGE = YES_ERROR;
				CLANG_WARN_EMPTY_BODY = YES;
				CLANG_WARN_ENUM_CONVERSION = YES;
				CLANG_WARN_INT_CONVERSION = YES;
				CLANG_WARN_OBJC_ROOT_CLASS = YES_ERROR;
				CLANG_WARN_UNREACHABLE_CODE = YES;
				CLANG_WARN__DUPLICATE_METHOD_MATCH = YES;
				"CODE_SIGN_IDENTITY[sdk=iphoneos*]" = "iPhone Developer";
				COPY_PHASE_STRIP = NO;
				DEBUG_INFORMATION_FORMAT = "dwarf-with-dsym";
				ENABLE_NS_ASSERTIONS = NO;
				ENABLE_STRICT_OBJC_MSGSEND = YES;
				GCC_C_LANGUAGE_STANDARD = gnu99;
				GCC_NO_COMMON_BLOCKS = YES;
				GCC_WARN_64_TO_32_BIT_CONVERSION = YES;
				GCC_WARN_ABOUT_RETURN_TYPE = YES_ERROR;
				GCC_WARN_UNDECLARED_SELECTOR = YES;
				GCC_WARN_UNINITIALIZED_AUTOS = YES_AGGRESSIVE;
				GCC_WARN_UNUSED_FUNCTION = YES;
				GCC_WARN_UNUSED_VARIABLE = YES;
				IPHONEOS_DEPLOYMENT_TARGET = 9.2;
				MTL_ENABLE_DEBUG_INFO = NO;
				SDKROOT = iphoneos;
				VALIDATE_PRODUCT = YES;
			};
			name = Release;
		};
		C5A8789C1C6A7A95004599C2 /* Debug */ = {
			isa = XCBuildConfiguration;
			buildSettings = {
				ASSETCATALOG_COMPILER_APPICON_NAME = AppIcon;
				INFOPLIST_FILE = Example/Info.plist;
				LD_RUNPATH_SEARCH_PATHS = "$(inherited) @executable_path/Frameworks";
				PRODUCT_BUNDLE_IDENTIFIER = com.dtrenz.Example;
				PRODUCT_NAME = "$(TARGET_NAME)";
				SWIFT_VERSION = 2.3;
			};
			name = Debug;
		};
		C5A8789D1C6A7A95004599C2 /* Release */ = {
			isa = XCBuildConfiguration;
			buildSettings = {
				ASSETCATALOG_COMPILER_APPICON_NAME = AppIcon;
				INFOPLIST_FILE = Example/Info.plist;
				LD_RUNPATH_SEARCH_PATHS = "$(inherited) @executable_path/Frameworks";
				PRODUCT_BUNDLE_IDENTIFIER = com.dtrenz.Example;
				PRODUCT_NAME = "$(TARGET_NAME)";
				SWIFT_VERSION = 2.3;
			};
			name = Release;
		};
/* End XCBuildConfiguration section */

/* Begin XCConfigurationList section */
		C5A878841C6A7A95004599C2 /* Build configuration list for PBXProject "Example" */ = {
			isa = XCConfigurationList;
			buildConfigurations = (
				C5A878991C6A7A95004599C2 /* Debug */,
				C5A8789A1C6A7A95004599C2 /* Release */,
			);
			defaultConfigurationIsVisible = 0;
			defaultConfigurationName = Release;
		};
		C5A8789B1C6A7A95004599C2 /* Build configuration list for PBXNativeTarget "Example" */ = {
			isa = XCConfigurationList;
			buildConfigurations = (
				C5A8789C1C6A7A95004599C2 /* Debug */,
				C5A8789D1C6A7A95004599C2 /* Release */,
			);
			defaultConfigurationIsVisible = 0;
			defaultConfigurationName = Release;
		};
/* End XCConfigurationList section */
	};
	rootObject = C5A878811C6A7A95004599C2 /* Project object */;
}
